
Microsoft Visual Studio Solution File, Format Version 12.00
# Visual Studio Version 16
VisualStudioVersion = 16.0.33214.272
MinimumVisualStudioVersion = 10.0.40219.1
Project("{FAE04EC0-301F-11D3-BF4B-00C04F79EFBC}") = "SlidingWindow", "SlidingWindow\SlidingWindow.csproj", "{439E09E4-4163-485C-94D8-AEC693562FB3}"
EndProject
Global
	GlobalSection(SolutionConfigurationPlatforms) = preSolution
		Debug|Any CPU = Debug|Any CPU
		Release|Any CPU = Release|Any CPU
	EndGlobalSection
	GlobalSection(ProjectConfigurationPlatforms) = postSolution
		{439E09E4-4163-485C-94D8-AEC693562FB3}.Debug|Any CPU.ActiveCfg = Debug|Any CPU
		{439E09E4-4163-485C-94D8-AEC693562FB3}.Debug|Any CPU.Build.0 = Debug|Any CPU
		{439E09E4-4163-485C-94D8-AEC693562FB3}.Release|Any CPU.ActiveCfg = Release|Any CPU
		{439E09E4-4163-485C-94D8-AEC693562FB3}.Release|Any CPU.Build.0 = Release|Any CPU
	EndGlobalSection
	GlobalSection(SolutionProperties) = preSolution
		HideSolutionNode = FALSE
	EndGlobalSection
	GlobalSection(ExtensibilityGlobals) = postSolution
		SolutionGuid = {8EA381A5-B772-499F-9E44-021930DACC74}
	EndGlobalSection
EndGlobal
