
Microsoft Visual Studio Solution File, Format Version 12.00
# Visual Studio Version 16
VisualStudioVersion = 16.0.33214.272
MinimumVisualStudioVersion = 10.0.40219.1
Project("{FAE04EC0-301F-11D3-BF4B-00C04F79EFBC}") = "TwoSum", "TwoSum\TwoSum.csproj", "{CC63A11B-A8DD-4839-B2DC-233BC4FFBD73}"
EndProject
Global
	GlobalSection(SolutionConfigurationPlatforms) = preSolution
		Debug|Any CPU = Debug|Any CPU
		Release|Any CPU = Release|Any CPU
	EndGlobalSection
	GlobalSection(ProjectConfigurationPlatforms) = postSolution
		{CC63A11B-A8DD-4839-B2DC-233BC4FFBD73}.Debug|Any CPU.ActiveCfg = Debug|Any CPU
		{CC63A11B-A8DD-4839-B2DC-233BC4FFBD73}.Debug|Any CPU.Build.0 = Debug|Any CPU
		{CC63A11B-A8DD-4839-B2DC-233BC4FFBD73}.Release|Any CPU.ActiveCfg = Release|Any CPU
		{CC63A11B-A8DD-4839-B2DC-233BC4FFBD73}.Release|Any CPU.Build.0 = Release|Any CPU
	EndGlobalSection
	GlobalSection(SolutionProperties) = preSolution
		HideSolutionNode = FALSE
	EndGlobalSection
	GlobalSection(ExtensibilityGlobals) = postSolution
		SolutionGuid = {E4557DDB-DEFB-4F0D-8F78-E2D5AD5F34E5}
	EndGlobalSection
EndGlobal
